
Microsoft Visual Studio Solution File, Format Version 12.00
# Visual Studio 15
VisualStudioVersion = 15.0.27130.2010
MinimumVisualStudioVersion = 10.0.40219.1
Project("{2150E333-8FDC-42A3-9474-1A3956D46DE8}") = "Solution Items", "Solution Items", "{EFD318F3-1B87-4B04-9E7B-9F82AF57B700}"
	ProjectSection(SolutionItems) = preProject
		README.md = README.md
	EndProjectSection
EndProject
Project("{9A19103F-16F7-4668-BE54-9A1E7A4F7556}") = "ClassLibrary1.Tests", "tests\ClassLibrary1.Tests\ClassLibrary1.Tests.csproj", "{13689B37-6E57-4772-BD57-38D34B2304DE}"
EndProject
Project("{9A19103F-16F7-4668-BE54-9A1E7A4F7556}") = "ClassLibrary1", "src\ClassLibrary1\ClassLibrary1.csproj", "{D1DEEA4D-5D3D-4739-B875-202A9B8EB0D4}"
EndProject
Global
	GlobalSection(SolutionConfigurationPlatforms) = preSolution
		Debug|Any CPU = Debug|Any CPU
		Release|Any CPU = Release|Any CPU
	EndGlobalSection
	GlobalSection(ProjectConfigurationPlatforms) = postSolution
		{13689B37-6E57-4772-BD57-38D34B2304DE}.Debug|Any CPU.ActiveCfg = Debug|Any CPU
		{13689B37-6E57-4772-BD57-38D34B2304DE}.Debug|Any CPU.Build.0 = Debug|Any CPU
		{13689B37-6E57-4772-BD57-38D34B2304DE}.Release|Any CPU.ActiveCfg = Release|Any CPU
		{13689B37-6E57-4772-BD57-38D34B2304DE}.Release|Any CPU.Build.0 = Release|Any CPU
		{D1DEEA4D-5D3D-4739-B875-202A9B8EB0D4}.Debug|Any CPU.ActiveCfg = Debug|Any CPU
		{D1DEEA4D-5D3D-4739-B875-202A9B8EB0D4}.Debug|Any CPU.Build.0 = Debug|Any CPU
		{D1DEEA4D-5D3D-4739-B875-202A9B8EB0D4}.Release|Any CPU.ActiveCfg = Release|Any CPU
		{D1DEEA4D-5D3D-4739-B875-202A9B8EB0D4}.Release|Any CPU.Build.0 = Release|Any CPU
	EndGlobalSection
	GlobalSection(SolutionProperties) = preSolution
		HideSolutionNode = FALSE
	EndGlobalSection
	GlobalSection(ExtensibilityGlobals) = postSolution
		SolutionGuid = {D691B1E7-4B98-4C3D-9B29-AD030C54F4A6}
	EndGlobalSection
EndGlobal
